
Microsoft Visual Studio Solution File, Format Version 12.00
# Visual Studio 15
VisualStudioVersion = 15.0.26124.0
MinimumVisualStudioVersion = 15.0.26124.0
Project("{2150E333-8FDC-42A3-9474-1A3956D46DE8}") = "source", "source", "{C6B06F48-1F84-442F-8C48-41304F418DA2}"
EndProject
Project("{FAE04EC0-301F-11D3-BF4B-00C04F79EFBC}") = "app", "source\app\app.csproj", "{A60FF97E-5194-4754-A4D6-5692657186C6}"
EndProject
Project("{FAE04EC0-301F-11D3-BF4B-00C04F79EFBC}") = "tests", "source\tests\tests.csproj", "{80363633-3B58-43F1-82C9-B4F2F7D7B69D}"
EndProject
Global
	GlobalSection(SolutionConfigurationPlatforms) = preSolution
		Debug|Any CPU = Debug|Any CPU
		Debug|x64 = Debug|x64
		Debug|x86 = Debug|x86
		Release|Any CPU = Release|Any CPU
		Release|x64 = Release|x64
		Release|x86 = Release|x86
	EndGlobalSection
	GlobalSection(SolutionProperties) = preSolution
		HideSolutionNode = FALSE
	EndGlobalSection
	GlobalSection(ProjectConfigurationPlatforms) = postSolution
		{A60FF97E-5194-4754-A4D6-5692657186C6}.Debug|Any CPU.ActiveCfg = Debug|Any CPU
		{A60FF97E-5194-4754-A4D6-5692657186C6}.Debug|Any CPU.Build.0 = Debug|Any CPU
		{A60FF97E-5194-4754-A4D6-5692657186C6}.Debug|x64.ActiveCfg = Debug|Any CPU
		{A60FF97E-5194-4754-A4D6-5692657186C6}.Debug|x64.Build.0 = Debug|Any CPU
		{A60FF97E-5194-4754-A4D6-5692657186C6}.Debug|x86.ActiveCfg = Debug|Any CPU
		{A60FF97E-5194-4754-A4D6-5692657186C6}.Debug|x86.Build.0 = Debug|Any CPU
		{A60FF97E-5194-4754-A4D6-5692657186C6}.Release|Any CPU.ActiveCfg = Release|Any CPU
		{A60FF97E-5194-4754-A4D6-5692657186C6}.Release|Any CPU.Build.0 = Release|Any CPU
		{A60FF97E-5194-4754-A4D6-5692657186C6}.Release|x64.ActiveCfg = Release|Any CPU
		{A60FF97E-5194-4754-A4D6-5692657186C6}.Release|x64.Build.0 = Release|Any CPU
		{A60FF97E-5194-4754-A4D6-5692657186C6}.Release|x86.ActiveCfg = Release|Any CPU
		{A60FF97E-5194-4754-A4D6-5692657186C6}.Release|x86.Build.0 = Release|Any CPU
		{80363633-3B58-43F1-82C9-B4F2F7D7B69D}.Debug|Any CPU.ActiveCfg = Debug|Any CPU
		{80363633-3B58-43F1-82C9-B4F2F7D7B69D}.Debug|Any CPU.Build.0 = Debug|Any CPU
		{80363633-3B58-43F1-82C9-B4F2F7D7B69D}.Debug|x64.ActiveCfg = Debug|Any CPU
		{80363633-3B58-43F1-82C9-B4F2F7D7B69D}.Debug|x64.Build.0 = Debug|Any CPU
		{80363633-3B58-43F1-82C9-B4F2F7D7B69D}.Debug|x86.ActiveCfg = Debug|Any CPU
		{80363633-3B58-43F1-82C9-B4F2F7D7B69D}.Debug|x86.Build.0 = Debug|Any CPU
		{80363633-3B58-43F1-82C9-B4F2F7D7B69D}.Release|Any CPU.ActiveCfg = Release|Any CPU
		{80363633-3B58-43F1-82C9-B4F2F7D7B69D}.Release|Any CPU.Build.0 = Release|Any CPU
		{80363633-3B58-43F1-82C9-B4F2F7D7B69D}.Release|x64.ActiveCfg = Release|Any CPU
		{80363633-3B58-43F1-82C9-B4F2F7D7B69D}.Release|x64.Build.0 = Release|Any CPU
		{80363633-3B58-43F1-82C9-B4F2F7D7B69D}.Release|x86.ActiveCfg = Release|Any CPU
		{80363633-3B58-43F1-82C9-B4F2F7D7B69D}.Release|x86.Build.0 = Release|Any CPU
	EndGlobalSection
	GlobalSection(NestedProjects) = preSolution
		{A60FF97E-5194-4754-A4D6-5692657186C6} = {C6B06F48-1F84-442F-8C48-41304F418DA2}
		{80363633-3B58-43F1-82C9-B4F2F7D7B69D} = {C6B06F48-1F84-442F-8C48-41304F418DA2}
	EndGlobalSection
EndGlobal
